
Microsoft Visual Studio Solution File, Format Version 12.00
# Visual Studio Version 17
VisualStudioVersion = 17.10.34928.147
MinimumVisualStudioVersion = 10.0.40219.1
Project("{9A19103F-16F7-4668-BE54-9A1E7A4F7556}") = "pathtool", "pathtool.csproj", "{CF64364D-CF1B-4FFF-A65E-B516425DB350}"
EndProject
Project("{FAE04EC0-301F-11D3-BF4B-00C04F79EFBC}") = "PathTool.Tests", "..\pathtool.test\TestProject1\PathTool.Tests.csproj", "{352667A8-B417-4D7F-823E-BA2AF933591A}"
EndProject
Global
	GlobalSection(SolutionConfigurationPlatforms) = preSolution
		Debug|Any CPU = Debug|Any CPU
		Release|Any CPU = Release|Any CPU
	EndGlobalSection
	GlobalSection(ProjectConfigurationPlatforms) = postSolution
		{CF64364D-CF1B-4FFF-A65E-B516425DB350}.Debug|Any CPU.ActiveCfg = Debug|Any CPU
		{CF64364D-CF1B-4FFF-A65E-B516425DB350}.Debug|Any CPU.Build.0 = Debug|Any CPU
		{CF64364D-CF1B-4FFF-A65E-B516425DB350}.Release|Any CPU.ActiveCfg = Release|Any CPU
		{CF64364D-CF1B-4FFF-A65E-B516425DB350}.Release|Any CPU.Build.0 = Release|Any CPU
		{352667A8-B417-4D7F-823E-BA2AF933591A}.Debug|Any CPU.ActiveCfg = Debug|Any CPU
		{352667A8-B417-4D7F-823E-BA2AF933591A}.Debug|Any CPU.Build.0 = Debug|Any CPU
		{352667A8-B417-4D7F-823E-BA2AF933591A}.Release|Any CPU.ActiveCfg = Release|Any CPU
		{352667A8-B417-4D7F-823E-BA2AF933591A}.Release|Any CPU.Build.0 = Release|Any CPU
	EndGlobalSection
	GlobalSection(SolutionProperties) = preSolution
		HideSolutionNode = FALSE
	EndGlobalSection
	GlobalSection(ExtensibilityGlobals) = postSolution
		SolutionGuid = {4BC1BCF6-7C70-4F8F-839B-B6458AA4E1E4}
	EndGlobalSection
EndGlobal
